
Microsoft Visual Studio Solution File, Format Version 12.00
# Visual Studio 15
VisualStudioVersion = 15.0.27703.2047
MinimumVisualStudioVersion = 10.0.40219.1
Project("{F184B08F-C81C-45F6-A57F-5ABD9991F28F}") = "WindowsApp1", "WindowsApp1\WindowsApp1.vbproj", "{3E569E4C-D250-4090-A103-DE88198700DE}"
EndProject
Global
	GlobalSection(SolutionConfigurationPlatforms) = preSolution
		Debug|Any CPU = Debug|Any CPU
		Release|Any CPU = Release|Any CPU
	EndGlobalSection
	GlobalSection(ProjectConfigurationPlatforms) = postSolution
		{3E569E4C-D250-4090-A103-DE88198700DE}.Debug|Any CPU.ActiveCfg = Debug|Any CPU
		{3E569E4C-D250-4090-A103-DE88198700DE}.Debug|Any CPU.Build.0 = Debug|Any CPU
		{3E569E4C-D250-4090-A103-DE88198700DE}.Release|Any CPU.ActiveCfg = Release|Any CPU
		{3E569E4C-D250-4090-A103-DE88198700DE}.Release|Any CPU.Build.0 = Release|Any CPU
	EndGlobalSection
	GlobalSection(SolutionProperties) = preSolution
		HideSolutionNode = FALSE
	EndGlobalSection
	GlobalSection(ExtensibilityGlobals) = postSolution
		SolutionGuid = {7E51F28D-DF5D-43DB-A847-619057AFB422}
	EndGlobalSection
EndGlobal
